
Microsoft Visual Studio Solution File, Format Version 12.00
# Visual Studio 2013
VisualStudioVersion = 12.0.30723.0
MinimumVisualStudioVersion = 10.0.40219.1
Project("{FAE04EC0-301F-11D3-BF4B-00C04F79EFBC}") = "SharpAvi", "SharpAvi\SharpAvi.csproj", "{07B83677-E9B8-4166-A383-CF3B3D393FBD}"
EndProject
Project("{FAE04EC0-301F-11D3-BF4B-00C04F79EFBC}") = "Sample", "Sample\Sample.csproj", "{419ABA1F-198D-4E85-8BFB-58EE6FDAE67F}"
EndProject
Project("{FAE04EC0-301F-11D3-BF4B-00C04F79EFBC}") = "SharpAvi.Fx35", "SharpAvi.Fx35\SharpAvi.Fx35.csproj", "{C57A7955-8878-499D-922D-34F20DB81FCE}"
EndProject
Global
	GlobalSection(SolutionConfigurationPlatforms) = preSolution
		Debug|Any CPU = Debug|Any CPU
		Release|Any CPU = Release|Any CPU
	EndGlobalSection
	GlobalSection(ProjectConfigurationPlatforms) = postSolution
		{07B83677-E9B8-4166-A383-CF3B3D393FBD}.Debug|Any CPU.ActiveCfg = Debug|Any CPU
		{07B83677-E9B8-4166-A383-CF3B3D393FBD}.Debug|Any CPU.Build.0 = Debug|Any CPU
		{07B83677-E9B8-4166-A383-CF3B3D393FBD}.Release|Any CPU.ActiveCfg = Release|Any CPU
		{07B83677-E9B8-4166-A383-CF3B3D393FBD}.Release|Any CPU.Build.0 = Release|Any CPU
		{419ABA1F-198D-4E85-8BFB-58EE6FDAE67F}.Debug|Any CPU.ActiveCfg = Debug|Any CPU
		{419ABA1F-198D-4E85-8BFB-58EE6FDAE67F}.Debug|Any CPU.Build.0 = Debug|Any CPU
		{419ABA1F-198D-4E85-8BFB-58EE6FDAE67F}.Release|Any CPU.ActiveCfg = Release|Any CPU
		{419ABA1F-198D-4E85-8BFB-58EE6FDAE67F}.Release|Any CPU.Build.0 = Release|Any CPU
		{C57A7955-8878-499D-922D-34F20DB81FCE}.Debug|Any CPU.ActiveCfg = Debug|Any CPU
		{C57A7955-8878-499D-922D-34F20DB81FCE}.Debug|Any CPU.Build.0 = Debug|Any CPU
		{C57A7955-8878-499D-922D-34F20DB81FCE}.Release|Any CPU.ActiveCfg = Release|Any CPU
		{C57A7955-8878-499D-922D-34F20DB81FCE}.Release|Any CPU.Build.0 = Release|Any CPU
	EndGlobalSection
	GlobalSection(SolutionProperties) = preSolution
		HideSolutionNode = FALSE
	EndGlobalSection
EndGlobal
